
Microsoft Visual Studio Solution File, Format Version 12.00
# Visual Studio Version 16
VisualStudioVersion = 16.0.31911.196
MinimumVisualStudioVersion = 10.0.40219.1
Project("{8BC9CEB8-8B4A-11D0-8D11-00A0C91BC942}") = "ms5part1", "ms5part1.vcxproj", "{8642FE7A-E682-4727-BD66-ABD45320735B}"
EndProject
Global
	GlobalSection(SolutionConfigurationPlatforms) = preSolution
		Debug|x64 = Debug|x64
		Debug|x86 = Debug|x86
		Release|x64 = Release|x64
		Release|x86 = Release|x86
	EndGlobalSection
	GlobalSection(ProjectConfigurationPlatforms) = postSolution
		{8642FE7A-E682-4727-BD66-ABD45320735B}.Debug|x64.ActiveCfg = Debug|x64
		{8642FE7A-E682-4727-BD66-ABD45320735B}.Debug|x64.Build.0 = Debug|x64
		{8642FE7A-E682-4727-BD66-ABD45320735B}.Debug|x86.ActiveCfg = Debug|Win32
		{8642FE7A-E682-4727-BD66-ABD45320735B}.Debug|x86.Build.0 = Debug|Win32
		{8642FE7A-E682-4727-BD66-ABD45320735B}.Release|x64.ActiveCfg = Release|x64
		{8642FE7A-E682-4727-BD66-ABD45320735B}.Release|x64.Build.0 = Release|x64
		{8642FE7A-E682-4727-BD66-ABD45320735B}.Release|x86.ActiveCfg = Release|Win32
		{8642FE7A-E682-4727-BD66-ABD45320735B}.Release|x86.Build.0 = Release|Win32
	EndGlobalSection
	GlobalSection(SolutionProperties) = preSolution
		HideSolutionNode = FALSE
	EndGlobalSection
	GlobalSection(ExtensibilityGlobals) = postSolution
		SolutionGuid = {DE68F314-8779-4EC1-B05A-4973B3C4B2A1}
	EndGlobalSection
EndGlobal
